
Microsoft Visual Studio Solution File, Format Version 12.00
# Visual Studio Version 16
VisualStudioVersion = 16.0.29123.88
MinimumVisualStudioVersion = 10.0.40219.1
Project("{FAE04EC0-301F-11D3-BF4B-00C04F79EFBC}") = "Cw1", "Cw1.csproj", "{A94AEE41-F640-43F8-BA6A-535C7B85D7E2}"
EndProject
Global
	GlobalSection(SolutionConfigurationPlatforms) = preSolution
		Debug|Any CPU = Debug|Any CPU
		Release|Any CPU = Release|Any CPU
	EndGlobalSection
	GlobalSection(ProjectConfigurationPlatforms) = postSolution
		{A94AEE41-F640-43F8-BA6A-535C7B85D7E2}.Debug|Any CPU.ActiveCfg = Debug|Any CPU
		{A94AEE41-F640-43F8-BA6A-535C7B85D7E2}.Debug|Any CPU.Build.0 = Debug|Any CPU
		{A94AEE41-F640-43F8-BA6A-535C7B85D7E2}.Release|Any CPU.ActiveCfg = Release|Any CPU
		{A94AEE41-F640-43F8-BA6A-535C7B85D7E2}.Release|Any CPU.Build.0 = Release|Any CPU
	EndGlobalSection
	GlobalSection(SolutionProperties) = preSolution
		HideSolutionNode = FALSE
	EndGlobalSection
	GlobalSection(ExtensibilityGlobals) = postSolution
		SolutionGuid = {B932A098-F436-4F62-83D0-8F7D7A982776}
	EndGlobalSection
EndGlobal
